
Microsoft Visual Studio Solution File, Format Version 12.00
# Visual Studio Version 16
VisualStudioVersion = 16.0.31402.337
MinimumVisualStudioVersion = 10.0.40219.1
Project("{FAE04EC0-301F-11D3-BF4B-00C04F79EFBC}") = "CMapleVot", "CMapleVot\CMapleVot.csproj", "{4A0324A3-28E4-4897-B3C9-26F26B60BB15}"
EndProject
Global
	GlobalSection(SolutionConfigurationPlatforms) = preSolution
		Debug|Any CPU = Debug|Any CPU
		Release|Any CPU = Release|Any CPU
	EndGlobalSection
	GlobalSection(ProjectConfigurationPlatforms) = postSolution
		{4A0324A3-28E4-4897-B3C9-26F26B60BB15}.Debug|Any CPU.ActiveCfg = Debug|Any CPU
		{4A0324A3-28E4-4897-B3C9-26F26B60BB15}.Debug|Any CPU.Build.0 = Debug|Any CPU
		{4A0324A3-28E4-4897-B3C9-26F26B60BB15}.Release|Any CPU.ActiveCfg = Release|Any CPU
		{4A0324A3-28E4-4897-B3C9-26F26B60BB15}.Release|Any CPU.Build.0 = Release|Any CPU
	EndGlobalSection
	GlobalSection(SolutionProperties) = preSolution
		HideSolutionNode = FALSE
	EndGlobalSection
	GlobalSection(ExtensibilityGlobals) = postSolution
		SolutionGuid = {75EC8BB4-474E-442E-97DE-C8A2F9B98F19}
	EndGlobalSection
EndGlobal
